
Microsoft Visual Studio Solution File, Format Version 12.00
# Visual Studio 15
VisualStudioVersion = 15.0.28307.421
MinimumVisualStudioVersion = 10.0.40219.1
Project("{FAE04EC0-301F-11D3-BF4B-00C04F79EFBC}") = "OdeToFood", "OdeToFood\OdeToFood.csproj", "{46AFA0FA-2A03-4960-BE22-47091AEB3BFC}"
EndProject
Project("{FAE04EC0-301F-11D3-BF4B-00C04F79EFBC}") = "OdeToFood.Tests", "OdeToFood.Tests\OdeToFood.Tests.csproj", "{F63AB5BA-34A0-46E0-A2DF-7BDE2575BEE0}"
EndProject
Global
	GlobalSection(SolutionConfigurationPlatforms) = preSolution
		Debug|Any CPU = Debug|Any CPU
		Release|Any CPU = Release|Any CPU
	EndGlobalSection
	GlobalSection(ProjectConfigurationPlatforms) = postSolution
		{46AFA0FA-2A03-4960-BE22-47091AEB3BFC}.Debug|Any CPU.ActiveCfg = Debug|Any CPU
		{46AFA0FA-2A03-4960-BE22-47091AEB3BFC}.Debug|Any CPU.Build.0 = Debug|Any CPU
		{46AFA0FA-2A03-4960-BE22-47091AEB3BFC}.Release|Any CPU.ActiveCfg = Release|Any CPU
		{46AFA0FA-2A03-4960-BE22-47091AEB3BFC}.Release|Any CPU.Build.0 = Release|Any CPU
		{F63AB5BA-34A0-46E0-A2DF-7BDE2575BEE0}.Debug|Any CPU.ActiveCfg = Debug|Any CPU
		{F63AB5BA-34A0-46E0-A2DF-7BDE2575BEE0}.Debug|Any CPU.Build.0 = Debug|Any CPU
		{F63AB5BA-34A0-46E0-A2DF-7BDE2575BEE0}.Release|Any CPU.ActiveCfg = Release|Any CPU
		{F63AB5BA-34A0-46E0-A2DF-7BDE2575BEE0}.Release|Any CPU.Build.0 = Release|Any CPU
	EndGlobalSection
	GlobalSection(SolutionProperties) = preSolution
		HideSolutionNode = FALSE
	EndGlobalSection
	GlobalSection(ExtensibilityGlobals) = postSolution
		SolutionGuid = {8A0BDF0B-31B4-4EF1-9C96-5BD5EDE23AB7}
	EndGlobalSection
EndGlobal
